
Microsoft Visual Studio Solution File, Format Version 12.00
# Visual Studio Version 17
VisualStudioVersion = 17.6.33815.320
MinimumVisualStudioVersion = 10.0.40219.1
Project("{FAE04EC0-301F-11D3-BF4B-00C04F79EFBC}") = "hasbiHAliCia", "hasbiHAliCia\hasbiHAliCia.csproj", "{D106DC5B-1EFB-4E65-88AB-0EEEFC4240DE}"
EndProject
Global
	GlobalSection(SolutionConfigurationPlatforms) = preSolution
		Debug|Any CPU = Debug|Any CPU
		Release|Any CPU = Release|Any CPU
	EndGlobalSection
	GlobalSection(ProjectConfigurationPlatforms) = postSolution
		{D106DC5B-1EFB-4E65-88AB-0EEEFC4240DE}.Debug|Any CPU.ActiveCfg = Debug|Any CPU
		{D106DC5B-1EFB-4E65-88AB-0EEEFC4240DE}.Debug|Any CPU.Build.0 = Debug|Any CPU
		{D106DC5B-1EFB-4E65-88AB-0EEEFC4240DE}.Release|Any CPU.ActiveCfg = Release|Any CPU
		{D106DC5B-1EFB-4E65-88AB-0EEEFC4240DE}.Release|Any CPU.Build.0 = Release|Any CPU
	EndGlobalSection
	GlobalSection(SolutionProperties) = preSolution
		HideSolutionNode = FALSE
	EndGlobalSection
	GlobalSection(ExtensibilityGlobals) = postSolution
		SolutionGuid = {1010D2FB-E11D-4BD8-BF80-8BAE7362315C}
	EndGlobalSection
EndGlobal
